
Microsoft Visual Studio Solution File, Format Version 12.00
# Visual Studio Version 16
VisualStudioVersion = 16.0.30907.101
MinimumVisualStudioVersion = 10.0.40219.1
Project("{FAE04EC0-301F-11D3-BF4B-00C04F79EFBC}") = "PnhCMS.Services", "PnhCMS.Services\PnhCMS.Services.csproj", "{E9C30AA0-9459-4596-8441-AE227CE7040A}"
EndProject
Project("{FAE04EC0-301F-11D3-BF4B-00C04F79EFBC}") = "PnhCMS.UI", "PnhCMS.UI\PnhCMS.UI.csproj", "{7FF80BE2-D41A-40C9-86F1-49B5936051A4}"
EndProject
Project("{FAE04EC0-301F-11D3-BF4B-00C04F79EFBC}") = "PnhCMS.Repository", "PnhCMS.Repository\PnhCMS.Repository.csproj", "{B69ADC15-027A-4AB4-803C-A63D1CD53B9E}"
EndProject
Global
	GlobalSection(SolutionConfigurationPlatforms) = preSolution
		Debug|Any CPU = Debug|Any CPU
		Release|Any CPU = Release|Any CPU
	EndGlobalSection
	GlobalSection(ProjectConfigurationPlatforms) = postSolution
		{E9C30AA0-9459-4596-8441-AE227CE7040A}.Debug|Any CPU.ActiveCfg = Debug|Any CPU
		{E9C30AA0-9459-4596-8441-AE227CE7040A}.Debug|Any CPU.Build.0 = Debug|Any CPU
		{E9C30AA0-9459-4596-8441-AE227CE7040A}.Release|Any CPU.ActiveCfg = Release|Any CPU
		{E9C30AA0-9459-4596-8441-AE227CE7040A}.Release|Any CPU.Build.0 = Release|Any CPU
		{7FF80BE2-D41A-40C9-86F1-49B5936051A4}.Debug|Any CPU.ActiveCfg = Debug|Any CPU
		{7FF80BE2-D41A-40C9-86F1-49B5936051A4}.Debug|Any CPU.Build.0 = Debug|Any CPU
		{7FF80BE2-D41A-40C9-86F1-49B5936051A4}.Release|Any CPU.ActiveCfg = Release|Any CPU
		{7FF80BE2-D41A-40C9-86F1-49B5936051A4}.Release|Any CPU.Build.0 = Release|Any CPU
		{B69ADC15-027A-4AB4-803C-A63D1CD53B9E}.Debug|Any CPU.ActiveCfg = Debug|Any CPU
		{B69ADC15-027A-4AB4-803C-A63D1CD53B9E}.Debug|Any CPU.Build.0 = Debug|Any CPU
		{B69ADC15-027A-4AB4-803C-A63D1CD53B9E}.Release|Any CPU.ActiveCfg = Release|Any CPU
		{B69ADC15-027A-4AB4-803C-A63D1CD53B9E}.Release|Any CPU.Build.0 = Release|Any CPU
	EndGlobalSection
	GlobalSection(SolutionProperties) = preSolution
		HideSolutionNode = FALSE
	EndGlobalSection
	GlobalSection(ExtensibilityGlobals) = postSolution
		SolutionGuid = {15B33B11-11D5-44E4-A14B-0590C995FCCE}
	EndGlobalSection
EndGlobal
